{
  "version": 4,
  "terraform_version": "0.15.0",
  "serial": 245,
  "lineage": "bd829fd5-3b06-2f8d-3bdc-11b524b8e4ce",
  "outputs": {
    "alb_dns_name": {
      "value": {
        "vpc-0030b725d17af005d": {
          "arn": "arn:aws:ec2:us-west-1:102956032895:vpc/vpc-0030b725d17af005d",
          "assign_generated_ipv6_cidr_block": false,
          "cidr_block": "192.168.32.0/21",
          "default_network_acl_id": "acl-0f48f9f09433396b2",
          "default_route_table_id": "rtb-0946e592f00edc292",
          "default_security_group_id": "sg-0177c093d6ae0e06f",
          "dhcp_options_id": "dopt-20e62347",
          "enable_classiclink": false,
          "enable_classiclink_dns_support": false,
          "enable_dns_hostnames": true,
          "enable_dns_support": true,
          "id": "vpc-0030b725d17af005d",
          "instance_tenancy": "default",
          "ipv6_association_id": "",
          "ipv6_cidr_block": "",
          "main_route_table_id": "rtb-0946e592f00edc292",
          "owner_id": "102956032895",
          "tags": {
            "Name": "hoge03"
          },
          "tags_all": {
            "Name": "hoge03"
          }
        },
        "vpc-080535f9ef2e9dd94": {
          "arn": "arn:aws:ec2:us-west-1:102956032895:vpc/vpc-080535f9ef2e9dd94",
          "assign_generated_ipv6_cidr_block": false,
          "cidr_block": "192.168.8.0/21",
          "default_network_acl_id": "acl-00a9909b7ad7661ed",
          "default_route_table_id": "rtb-05760df30ccfecbf1",
          "default_security_group_id": "sg-03ee57f231204f96c",
          "dhcp_options_id": "dopt-20e62347",
          "enable_classiclink": false,
          "enable_classiclink_dns_support": false,
          "enable_dns_hostnames": true,
          "enable_dns_support": true,
          "id": "vpc-080535f9ef2e9dd94",
          "instance_tenancy": "default",
          "ipv6_association_id": "",
          "ipv6_cidr_block": "",
          "main_route_table_id": "rtb-05760df30ccfecbf1",
          "owner_id": "102956032895",
          "tags": {
            "Name": "inspection"
          },
          "tags_all": {
            "Name": "inspection"
          }
        },
        "vpc-0a4541fd11097e842": {
          "arn": "arn:aws:ec2:us-west-1:102956032895:vpc/vpc-0a4541fd11097e842",
          "assign_generated_ipv6_cidr_block": false,
          "cidr_block": "192.168.16.0/21",
          "default_network_acl_id": "acl-087368def23b1048c",
          "default_route_table_id": "rtb-0b234945d93da3af7",
          "default_security_group_id": "sg-0d56f58a6e07d4569",
          "dhcp_options_id": "dopt-20e62347",
          "enable_classiclink": false,
          "enable_classiclink_dns_support": false,
          "enable_dns_hostnames": true,
          "enable_dns_support": true,
          "id": "vpc-0a4541fd11097e842",
          "instance_tenancy": "default",
          "ipv6_association_id": "",
          "ipv6_cidr_block": "",
          "main_route_table_id": "rtb-0b234945d93da3af7",
          "owner_id": "102956032895",
          "tags": {
            "Name": "hoge01"
          },
          "tags_all": {
            "Name": "hoge01"
          }
        },
        "vpc-0babf7cf6e4706f2b": {
          "arn": "arn:aws:ec2:us-west-1:102956032895:vpc/vpc-0babf7cf6e4706f2b",
          "assign_generated_ipv6_cidr_block": false,
          "cidr_block": "192.168.24.0/21",
          "default_network_acl_id": "acl-0aa3117fdaf1a3515",
          "default_route_table_id": "rtb-0ccd3a132dd3be143",
          "default_security_group_id": "sg-02e1d8e7a6bf0ef0b",
          "dhcp_options_id": "dopt-20e62347",
          "enable_classiclink": false,
          "enable_classiclink_dns_support": false,
          "enable_dns_hostnames": true,
          "enable_dns_support": true,
          "id": "vpc-0babf7cf6e4706f2b",
          "instance_tenancy": "default",
          "ipv6_association_id": "",
          "ipv6_cidr_block": "",
          "main_route_table_id": "rtb-0ccd3a132dd3be143",
          "owner_id": "102956032895",
          "tags": {
            "Name": "hoge02"
          },
          "tags_all": {
            "Name": "hoge02"
          }
        }
      },
      "type": [
        "map",
        [
          "object",
          {
            "arn": "string",
            "assign_generated_ipv6_cidr_block": "bool",
            "cidr_block": "string",
            "default_network_acl_id": "string",
            "default_route_table_id": "string",
            "default_security_group_id": "string",
            "dhcp_options_id": "string",
            "enable_classiclink": "bool",
            "enable_classiclink_dns_support": "bool",
            "enable_dns_hostnames": "bool",
            "enable_dns_support": "bool",
            "id": "string",
            "instance_tenancy": "string",
            "ipv6_association_id": "string",
            "ipv6_cidr_block": "string",
            "main_route_table_id": "string",
            "owner_id": "string",
            "tags": [
              "map",
              "string"
            ],
            "tags_all": [
              "map",
              "string"
            ]
          }
        ]
      ]
    }
  },
  "resources": [
    {
      "mode": "managed",
      "type": "aws_ec2_transit_gateway",
      "name": "hoge",
      "provider": "provider[\"registry.terraform.io/hashicorp/aws\"]",
      "instances": [
        {
          "index_key": "tokyo",
          "schema_version": 0,
          "attributes": {
            "amazon_side_asn": 64513,
            "arn": "arn:aws:ec2:us-west-1:102956032895:transit-gateway/tgw-0e1954fb30b5453bf",
            "association_default_route_table_id": "tgw-rtb-0842068967a100ebc",
            "auto_accept_shared_attachments": "disable",
            "default_route_table_association": "enable",
            "default_route_table_propagation": "disable",
            "description": "!!! MUST delete in future, This is TEST ^^/ !!!",
            "dns_support": "enable",
            "id": "tgw-0e1954fb30b5453bf",
            "owner_id": "102956032895",
            "propagation_default_route_table_id": "",
            "tags": {
              "Name": "MUST_delete_in_future"
            },
            "tags_all": {
              "Name": "MUST_delete_in_future"
            },
            "vpn_ecmp_support": "enable"
          },
          "sensitive_attributes": [],
          "private": "bnVsbA=="
        }
      ]
    },
    {
      "mode": "managed",
      "type": "aws_ec2_transit_gateway_route",
      "name": "example",
      "provider": "provider[\"registry.terraform.io/hashicorp/aws\"]",
      "instances": []
    },
    {
      "mode": "managed",
      "type": "aws_ec2_transit_gateway_route_table",
      "name": "hoge",
      "provider": "provider[\"registry.terraform.io/hashicorp/aws\"]",
      "instances": [
        {
          "index_key": "firewall-rt",
          "schema_version": 0,
          "attributes": {
            "arn": "arn:aws:ec2:us-west-1:102956032895:transit-gateway-route-table/tgw-rtb-0a107c17ae85d0cda",
            "default_association_route_table": false,
            "default_propagation_route_table": false,
            "id": "tgw-rtb-0a107c17ae85d0cda",
            "tags": {
              "Name": "!!! MUST delete in future !!!"
            },
            "tags_all": {
              "Name": "!!! MUST delete in future !!!"
            },
            "transit_gateway_id": "tgw-0e1954fb30b5453bf"
          },
          "sensitive_attributes": [],
          "private": "bnVsbA==",
          "dependencies": [
            "aws_ec2_transit_gateway.hoge"
          ]
        },
        {
          "index_key": "inspection-rt",
          "schema_version": 0,
          "attributes": {
            "arn": "arn:aws:ec2:us-west-1:102956032895:transit-gateway-route-table/tgw-rtb-0ab5b9ffeb40606b9",
            "default_association_route_table": false,
            "default_propagation_route_table": false,
            "id": "tgw-rtb-0ab5b9ffeb40606b9",
            "tags": {
              "Name": "!!! MUST delete in future !!!"
            },
            "tags_all": {
              "Name": "!!! MUST delete in future !!!"
            },
            "transit_gateway_id": "tgw-0e1954fb30b5453bf"
          },
          "sensitive_attributes": [],
          "private": "bnVsbA==",
          "dependencies": [
            "aws_ec2_transit_gateway.hoge"
          ]
        },
        {
          "index_key": "not_inspection-rt",
          "schema_version": 0,
          "attributes": {
            "arn": "arn:aws:ec2:us-west-1:102956032895:transit-gateway-route-table/tgw-rtb-0f4a6aac85e350d07",
            "default_association_route_table": false,
            "default_propagation_route_table": false,
            "id": "tgw-rtb-0f4a6aac85e350d07",
            "tags": {
              "Name": "!!! MUST delete in future !!!"
            },
            "tags_all": {
              "Name": "!!! MUST delete in future !!!"
            },
            "transit_gateway_id": "tgw-0e1954fb30b5453bf"
          },
          "sensitive_attributes": [],
          "private": "bnVsbA==",
          "dependencies": [
            "aws_ec2_transit_gateway.hoge"
          ]
        }
      ]
    },
    {
      "mode": "managed",
      "type": "aws_ec2_transit_gateway_route_table_association",
      "name": "example",
      "provider": "provider[\"registry.terraform.io/hashicorp/aws\"]",
      "instances": []
    },
    {
      "mode": "managed",
      "type": "aws_ec2_transit_gateway_vpc_attachment",
      "name": "hoge",
      "provider": "provider[\"registry.terraform.io/hashicorp/aws\"]",
      "instances": [
        {
          "index_key": "hoge01-at",
          "status": "tainted",
          "schema_version": 0,
          "attributes": {
            "appliance_mode_support": "disable",
            "dns_support": "enable",
            "id": "tgw-attach-0e546410920e243cf",
            "ipv6_support": "disable",
            "subnet_ids": [
              "subnet-09288846b1ea76b45",
              "subnet-0bcd4fa944bd7a67a"
            ],
            "tags": null,
            "tags_all": null,
            "transit_gateway_default_route_table_association": true,
            "transit_gateway_default_route_table_propagation": true,
            "transit_gateway_id": "tgw-0e1954fb30b5453bf",
            "vpc_id": "vpc-0a4541fd11097e842",
            "vpc_owner_id": null
          },
          "sensitive_attributes": [],
          "private": "bnVsbA==",
          "dependencies": [
            "aws_ec2_transit_gateway.hoge",
            "aws_subnet.hoge",
            "aws_vpc.hoge"
          ]
        },
        {
          "index_key": "hoge02-at",
          "status": "tainted",
          "schema_version": 0,
          "attributes": {
            "appliance_mode_support": "disable",
            "dns_support": "enable",
            "id": "tgw-attach-0e430ceceb79e862e",
            "ipv6_support": "disable",
            "subnet_ids": [
              "subnet-027a3a56eba82f931",
              "subnet-0e550fb982a0f4abf"
            ],
            "tags": null,
            "tags_all": null,
            "transit_gateway_default_route_table_association": true,
            "transit_gateway_default_route_table_propagation": true,
            "transit_gateway_id": "tgw-0e1954fb30b5453bf",
            "vpc_id": "vpc-0babf7cf6e4706f2b",
            "vpc_owner_id": null
          },
          "sensitive_attributes": [],
          "private": "bnVsbA==",
          "dependencies": [
            "aws_ec2_transit_gateway.hoge",
            "aws_subnet.hoge",
            "aws_vpc.hoge"
          ]
        },
        {
          "index_key": "hoge03-at",
          "status": "tainted",
          "schema_version": 0,
          "attributes": {
            "appliance_mode_support": "disable",
            "dns_support": "enable",
            "id": "tgw-attach-0474145841c559d5a",
            "ipv6_support": "disable",
            "subnet_ids": [
              "subnet-0e64adf0ead02cb4b",
              "subnet-0eddcfa9faecfbf9b"
            ],
            "tags": null,
            "tags_all": null,
            "transit_gateway_default_route_table_association": true,
            "transit_gateway_default_route_table_propagation": true,
            "transit_gateway_id": "tgw-0e1954fb30b5453bf",
            "vpc_id": "vpc-0030b725d17af005d",
            "vpc_owner_id": null
          },
          "sensitive_attributes": [],
          "private": "bnVsbA==",
          "dependencies": [
            "aws_ec2_transit_gateway.hoge",
            "aws_subnet.hoge",
            "aws_vpc.hoge"
          ]
        },
        {
          "index_key": "inspection-at",
          "status": "tainted",
          "schema_version": 0,
          "attributes": {
            "appliance_mode_support": "disable",
            "dns_support": "enable",
            "id": "tgw-attach-02cef8538b3f8b928",
            "ipv6_support": "disable",
            "subnet_ids": [
              "subnet-02b2475ec922c466a",
              "subnet-0d4396229ceca5fd1"
            ],
            "tags": null,
            "tags_all": null,
            "transit_gateway_default_route_table_association": true,
            "transit_gateway_default_route_table_propagation": true,
            "transit_gateway_id": "tgw-0e1954fb30b5453bf",
            "vpc_id": "vpc-080535f9ef2e9dd94",
            "vpc_owner_id": null
          },
          "sensitive_attributes": [],
          "private": "bnVsbA==",
          "dependencies": [
            "aws_ec2_transit_gateway.hoge",
            "aws_subnet.hoge",
            "aws_vpc.hoge"
          ]
        }
      ]
    },
    {
      "mode": "managed",
      "type": "aws_networkfirewall_firewall",
      "name": "example",
      "provider": "provider[\"registry.terraform.io/hashicorp/aws\"]",
      "instances": [
        {
          "schema_version": 0,
          "attributes": {
            "arn": "arn:aws:network-firewall:us-west-1:102956032895:firewall/example",
            "delete_protection": false,
            "description": "",
            "firewall_policy_arn": "arn:aws:network-firewall:us-west-1:102956032895:firewall-policy/example",
            "firewall_policy_change_protection": false,
            "firewall_status": [
              {
                "sync_states": [
                  {
                    "attachment": [
                      {
                        "endpoint_id": "vpce-0496e5f94d73953a4",
                        "subnet_id": "subnet-0e0e484f933f16b3e"
                      }
                    ],
                    "availability_zone": "us-west-1c"
                  },
                  {
                    "attachment": [
                      {
                        "endpoint_id": "vpce-0bbec8e67d9cc8057",
                        "subnet_id": "subnet-080324a467ab860de"
                      }
                    ],
                    "availability_zone": "us-west-1b"
                  }
                ]
              }
            ],
            "id": "arn:aws:network-firewall:us-west-1:102956032895:firewall/example",
            "name": "example",
            "subnet_change_protection": false,
            "subnet_mapping": [
              {
                "subnet_id": "subnet-080324a467ab860de"
              },
              {
                "subnet_id": "subnet-0e0e484f933f16b3e"
              }
            ],
            "tags": {
              "Name": "example"
            },
            "tags_all": {
              "Name": "example"
            },
            "update_token": "ba153168-d638-46f2-95f4-3b5dd6233c21",
            "vpc_id": "vpc-080535f9ef2e9dd94"
          },
          "sensitive_attributes": [],
          "private": "bnVsbA==",
          "dependencies": [
            "aws_networkfirewall_firewall_policy.example",
            "aws_subnet.hoge",
            "aws_vpc.hoge"
          ]
        }
      ]
    },
    {
      "mode": "managed",
      "type": "aws_networkfirewall_firewall_policy",
      "name": "example",
      "provider": "provider[\"registry.terraform.io/hashicorp/aws\"]",
      "instances": [
        {
          "schema_version": 0,
          "attributes": {
            "arn": "arn:aws:network-firewall:us-west-1:102956032895:firewall-policy/example",
            "description": "",
            "firewall_policy": [
              {
                "stateful_rule_group_reference": [],
                "stateless_custom_action": [],
                "stateless_default_actions": [
                  "aws:pass"
                ],
                "stateless_fragment_default_actions": [
                  "aws:pass"
                ],
                "stateless_rule_group_reference": []
              }
            ],
            "id": "arn:aws:network-firewall:us-west-1:102956032895:firewall-policy/example",
            "name": "example",
            "tags": {
              "Name": "example"
            },
            "tags_all": {
              "Name": "example"
            },
            "update_token": "be6469d7-fba3-4386-b1cc-42b82041928b"
          },
          "sensitive_attributes": [],
          "private": "bnVsbA=="
        }
      ]
    },
    {
      "mode": "managed",
      "type": "aws_subnet",
      "name": "hoge",
      "provider": "provider[\"registry.terraform.io/hashicorp/aws\"]",
      "instances": [
        {
          "index_key": "hoge01_pri01",
          "schema_version": 1,
          "attributes": {
            "arn": "arn:aws:ec2:us-west-1:102956032895:subnet/subnet-01010b8816e4920e4",
            "assign_ipv6_address_on_creation": false,
            "availability_zone": "us-west-1b",
            "availability_zone_id": "usw1-az3",
            "cidr_block": "192.168.18.0/24",
            "customer_owned_ipv4_pool": "",
            "id": "subnet-01010b8816e4920e4",
            "ipv6_cidr_block": "",
            "ipv6_cidr_block_association_id": "",
            "map_customer_owned_ip_on_launch": false,
            "map_public_ip_on_launch": false,
            "outpost_arn": "",
            "owner_id": "102956032895",
            "tags": {
              "Name": "hoge01_pri01"
            },
            "tags_all": {
              "Name": "hoge01_pri01"
            },
            "timeouts": null,
            "vpc_id": "vpc-0a4541fd11097e842"
          },
          "sensitive_attributes": [],
          "private": "eyJlMmJmYjczMC1lY2FhLTExZTYtOGY4OC0zNDM2M2JjN2M0YzAiOnsiY3JlYXRlIjo2MDAwMDAwMDAwMDAsImRlbGV0ZSI6MTIwMDAwMDAwMDAwMH0sInNjaGVtYV92ZXJzaW9uIjoiMSJ9",
          "dependencies": [
            "aws_vpc.hoge"
          ]
        },
        {
          "index_key": "hoge01_pri02",
          "schema_version": 1,
          "attributes": {
            "arn": "arn:aws:ec2:us-west-1:102956032895:subnet/subnet-0fa4d0d9c1f82b316",
            "assign_ipv6_address_on_creation": false,
            "availability_zone": "us-west-1c",
            "availability_zone_id": "usw1-az1",
            "cidr_block": "192.168.19.0/24",
            "customer_owned_ipv4_pool": "",
            "id": "subnet-0fa4d0d9c1f82b316",
            "ipv6_cidr_block": "",
            "ipv6_cidr_block_association_id": "",
            "map_customer_owned_ip_on_launch": false,
            "map_public_ip_on_launch": false,
            "outpost_arn": "",
            "owner_id": "102956032895",
            "tags": {
              "Name": "hoge01_pri02"
            },
            "tags_all": {
              "Name": "hoge01_pri02"
            },
            "timeouts": null,
            "vpc_id": "vpc-0a4541fd11097e842"
          },
          "sensitive_attributes": [],
          "private": "eyJlMmJmYjczMC1lY2FhLTExZTYtOGY4OC0zNDM2M2JjN2M0YzAiOnsiY3JlYXRlIjo2MDAwMDAwMDAwMDAsImRlbGV0ZSI6MTIwMDAwMDAwMDAwMH0sInNjaGVtYV92ZXJzaW9uIjoiMSJ9",
          "dependencies": [
            "aws_vpc.hoge"
          ]
        },
        {
          "index_key": "hoge01_tx01",
          "schema_version": 1,
          "attributes": {
            "arn": "arn:aws:ec2:us-west-1:102956032895:subnet/subnet-0bcd4fa944bd7a67a",
            "assign_ipv6_address_on_creation": false,
            "availability_zone": "us-west-1b",
            "availability_zone_id": "usw1-az3",
            "cidr_block": "192.168.23.224/28",
            "customer_owned_ipv4_pool": "",
            "id": "subnet-0bcd4fa944bd7a67a",
            "ipv6_cidr_block": "",
            "ipv6_cidr_block_association_id": "",
            "map_customer_owned_ip_on_launch": false,
            "map_public_ip_on_launch": false,
            "outpost_arn": "",
            "owner_id": "102956032895",
            "tags": {
              "Name": "hoge01_tx01"
            },
            "tags_all": {
              "Name": "hoge01_tx01"
            },
            "timeouts": null,
            "vpc_id": "vpc-0a4541fd11097e842"
          },
          "sensitive_attributes": [],
          "private": "eyJlMmJmYjczMC1lY2FhLTExZTYtOGY4OC0zNDM2M2JjN2M0YzAiOnsiY3JlYXRlIjo2MDAwMDAwMDAwMDAsImRlbGV0ZSI6MTIwMDAwMDAwMDAwMH0sInNjaGVtYV92ZXJzaW9uIjoiMSJ9",
          "dependencies": [
            "aws_vpc.hoge"
          ]
        },
        {
          "index_key": "hoge01_tx02",
          "schema_version": 1,
          "attributes": {
            "arn": "arn:aws:ec2:us-west-1:102956032895:subnet/subnet-09288846b1ea76b45",
            "assign_ipv6_address_on_creation": false,
            "availability_zone": "us-west-1c",
            "availability_zone_id": "usw1-az1",
            "cidr_block": "192.168.23.240/28",
            "customer_owned_ipv4_pool": "",
            "id": "subnet-09288846b1ea76b45",
            "ipv6_cidr_block": "",
            "ipv6_cidr_block_association_id": "",
            "map_customer_owned_ip_on_launch": false,
            "map_public_ip_on_launch": false,
            "outpost_arn": "",
            "owner_id": "102956032895",
            "tags": {
              "Name": "hoge01_tx02"
            },
            "tags_all": {
              "Name": "hoge01_tx02"
            },
            "timeouts": null,
            "vpc_id": "vpc-0a4541fd11097e842"
          },
          "sensitive_attributes": [],
          "private": "eyJlMmJmYjczMC1lY2FhLTExZTYtOGY4OC0zNDM2M2JjN2M0YzAiOnsiY3JlYXRlIjo2MDAwMDAwMDAwMDAsImRlbGV0ZSI6MTIwMDAwMDAwMDAwMH0sInNjaGVtYV92ZXJzaW9uIjoiMSJ9",
          "dependencies": [
            "aws_vpc.hoge"
          ]
        },
        {
          "index_key": "hoge02_pri01",
          "schema_version": 1,
          "attributes": {
            "arn": "arn:aws:ec2:us-west-1:102956032895:subnet/subnet-0b4324045100ac310",
            "assign_ipv6_address_on_creation": false,
            "availability_zone": "us-west-1b",
            "availability_zone_id": "usw1-az3",
            "cidr_block": "192.168.26.0/24",
            "customer_owned_ipv4_pool": "",
            "id": "subnet-0b4324045100ac310",
            "ipv6_cidr_block": "",
            "ipv6_cidr_block_association_id": "",
            "map_customer_owned_ip_on_launch": false,
            "map_public_ip_on_launch": false,
            "outpost_arn": "",
            "owner_id": "102956032895",
            "tags": {
              "Name": "hoge02_pri01"
            },
            "tags_all": {
              "Name": "hoge02_pri01"
            },
            "timeouts": null,
            "vpc_id": "vpc-0babf7cf6e4706f2b"
          },
          "sensitive_attributes": [],
          "private": "eyJlMmJmYjczMC1lY2FhLTExZTYtOGY4OC0zNDM2M2JjN2M0YzAiOnsiY3JlYXRlIjo2MDAwMDAwMDAwMDAsImRlbGV0ZSI6MTIwMDAwMDAwMDAwMH0sInNjaGVtYV92ZXJzaW9uIjoiMSJ9",
          "dependencies": [
            "aws_vpc.hoge"
          ]
        },
        {
          "index_key": "hoge02_pri02",
          "schema_version": 1,
          "attributes": {
            "arn": "arn:aws:ec2:us-west-1:102956032895:subnet/subnet-07b0a119319710191",
            "assign_ipv6_address_on_creation": false,
            "availability_zone": "us-west-1c",
            "availability_zone_id": "usw1-az1",
            "cidr_block": "192.168.27.0/24",
            "customer_owned_ipv4_pool": "",
            "id": "subnet-07b0a119319710191",
            "ipv6_cidr_block": "",
            "ipv6_cidr_block_association_id": "",
            "map_customer_owned_ip_on_launch": false,
            "map_public_ip_on_launch": false,
            "outpost_arn": "",
            "owner_id": "102956032895",
            "tags": {
              "Name": "hoge02_pri02"
            },
            "tags_all": {
              "Name": "hoge02_pri02"
            },
            "timeouts": null,
            "vpc_id": "vpc-0babf7cf6e4706f2b"
          },
          "sensitive_attributes": [],
          "private": "eyJlMmJmYjczMC1lY2FhLTExZTYtOGY4OC0zNDM2M2JjN2M0YzAiOnsiY3JlYXRlIjo2MDAwMDAwMDAwMDAsImRlbGV0ZSI6MTIwMDAwMDAwMDAwMH0sInNjaGVtYV92ZXJzaW9uIjoiMSJ9",
          "dependencies": [
            "aws_vpc.hoge"
          ]
        },
        {
          "index_key": "hoge02_tx01",
          "schema_version": 1,
          "attributes": {
            "arn": "arn:aws:ec2:us-west-1:102956032895:subnet/subnet-0e550fb982a0f4abf",
            "assign_ipv6_address_on_creation": false,
            "availability_zone": "us-west-1b",
            "availability_zone_id": "usw1-az3",
            "cidr_block": "192.168.31.224/28",
            "customer_owned_ipv4_pool": "",
            "id": "subnet-0e550fb982a0f4abf",
            "ipv6_cidr_block": "",
            "ipv6_cidr_block_association_id": "",
            "map_customer_owned_ip_on_launch": false,
            "map_public_ip_on_launch": false,
            "outpost_arn": "",
            "owner_id": "102956032895",
            "tags": {
              "Name": "hoge02_tx01"
            },
            "tags_all": {
              "Name": "hoge02_tx01"
            },
            "timeouts": null,
            "vpc_id": "vpc-0babf7cf6e4706f2b"
          },
          "sensitive_attributes": [],
          "private": "eyJlMmJmYjczMC1lY2FhLTExZTYtOGY4OC0zNDM2M2JjN2M0YzAiOnsiY3JlYXRlIjo2MDAwMDAwMDAwMDAsImRlbGV0ZSI6MTIwMDAwMDAwMDAwMH0sInNjaGVtYV92ZXJzaW9uIjoiMSJ9",
          "dependencies": [
            "aws_vpc.hoge"
          ]
        },
        {
          "index_key": "hoge02_tx02",
          "schema_version": 1,
          "attributes": {
            "arn": "arn:aws:ec2:us-west-1:102956032895:subnet/subnet-027a3a56eba82f931",
            "assign_ipv6_address_on_creation": false,
            "availability_zone": "us-west-1c",
            "availability_zone_id": "usw1-az1",
            "cidr_block": "192.168.31.240/28",
            "customer_owned_ipv4_pool": "",
            "id": "subnet-027a3a56eba82f931",
            "ipv6_cidr_block": "",
            "ipv6_cidr_block_association_id": "",
            "map_customer_owned_ip_on_launch": false,
            "map_public_ip_on_launch": false,
            "outpost_arn": "",
            "owner_id": "102956032895",
            "tags": {
              "Name": "hoge02_tx02"
            },
            "tags_all": {
              "Name": "hoge02_tx02"
            },
            "timeouts": null,
            "vpc_id": "vpc-0babf7cf6e4706f2b"
          },
          "sensitive_attributes": [],
          "private": "eyJlMmJmYjczMC1lY2FhLTExZTYtOGY4OC0zNDM2M2JjN2M0YzAiOnsiY3JlYXRlIjo2MDAwMDAwMDAwMDAsImRlbGV0ZSI6MTIwMDAwMDAwMDAwMH0sInNjaGVtYV92ZXJzaW9uIjoiMSJ9",
          "dependencies": [
            "aws_vpc.hoge"
          ]
        },
        {
          "index_key": "hoge03_pri01",
          "schema_version": 1,
          "attributes": {
            "arn": "arn:aws:ec2:us-west-1:102956032895:subnet/subnet-04c4c520aee1c8981",
            "assign_ipv6_address_on_creation": false,
            "availability_zone": "us-west-1b",
            "availability_zone_id": "usw1-az3",
            "cidr_block": "192.168.34.0/24",
            "customer_owned_ipv4_pool": "",
            "id": "subnet-04c4c520aee1c8981",
            "ipv6_cidr_block": "",
            "ipv6_cidr_block_association_id": "",
            "map_customer_owned_ip_on_launch": false,
            "map_public_ip_on_launch": false,
            "outpost_arn": "",
            "owner_id": "102956032895",
            "tags": {
              "Name": "hoge03_pri01"
            },
            "tags_all": {
              "Name": "hoge03_pri01"
            },
            "timeouts": null,
            "vpc_id": "vpc-0030b725d17af005d"
          },
          "sensitive_attributes": [],
          "private": "eyJlMmJmYjczMC1lY2FhLTExZTYtOGY4OC0zNDM2M2JjN2M0YzAiOnsiY3JlYXRlIjo2MDAwMDAwMDAwMDAsImRlbGV0ZSI6MTIwMDAwMDAwMDAwMH0sInNjaGVtYV92ZXJzaW9uIjoiMSJ9",
          "dependencies": [
            "aws_vpc.hoge"
          ]
        },
        {
          "index_key": "hoge03_pri02",
          "schema_version": 1,
          "attributes": {
            "arn": "arn:aws:ec2:us-west-1:102956032895:subnet/subnet-043eeb42320145803",
            "assign_ipv6_address_on_creation": false,
            "availability_zone": "us-west-1c",
            "availability_zone_id": "usw1-az1",
            "cidr_block": "192.168.35.0/24",
            "customer_owned_ipv4_pool": "",
            "id": "subnet-043eeb42320145803",
            "ipv6_cidr_block": "",
            "ipv6_cidr_block_association_id": "",
            "map_customer_owned_ip_on_launch": false,
            "map_public_ip_on_launch": false,
            "outpost_arn": "",
            "owner_id": "102956032895",
            "tags": {
              "Name": "hoge03_pri02"
            },
            "tags_all": {
              "Name": "hoge03_pri02"
            },
            "timeouts": null,
            "vpc_id": "vpc-0030b725d17af005d"
          },
          "sensitive_attributes": [],
          "private": "eyJlMmJmYjczMC1lY2FhLTExZTYtOGY4OC0zNDM2M2JjN2M0YzAiOnsiY3JlYXRlIjo2MDAwMDAwMDAwMDAsImRlbGV0ZSI6MTIwMDAwMDAwMDAwMH0sInNjaGVtYV92ZXJzaW9uIjoiMSJ9",
          "dependencies": [
            "aws_vpc.hoge"
          ]
        },
        {
          "index_key": "hoge03_tx01",
          "schema_version": 1,
          "attributes": {
            "arn": "arn:aws:ec2:us-west-1:102956032895:subnet/subnet-0eddcfa9faecfbf9b",
            "assign_ipv6_address_on_creation": false,
            "availability_zone": "us-west-1b",
            "availability_zone_id": "usw1-az3",
            "cidr_block": "192.168.39.224/28",
            "customer_owned_ipv4_pool": "",
            "id": "subnet-0eddcfa9faecfbf9b",
            "ipv6_cidr_block": "",
            "ipv6_cidr_block_association_id": "",
            "map_customer_owned_ip_on_launch": false,
            "map_public_ip_on_launch": false,
            "outpost_arn": "",
            "owner_id": "102956032895",
            "tags": {
              "Name": "hoge03_tx01"
            },
            "tags_all": {
              "Name": "hoge03_tx01"
            },
            "timeouts": null,
            "vpc_id": "vpc-0030b725d17af005d"
          },
          "sensitive_attributes": [],
          "private": "eyJlMmJmYjczMC1lY2FhLTExZTYtOGY4OC0zNDM2M2JjN2M0YzAiOnsiY3JlYXRlIjo2MDAwMDAwMDAwMDAsImRlbGV0ZSI6MTIwMDAwMDAwMDAwMH0sInNjaGVtYV92ZXJzaW9uIjoiMSJ9",
          "dependencies": [
            "aws_vpc.hoge"
          ]
        },
        {
          "index_key": "hoge03_tx02",
          "schema_version": 1,
          "attributes": {
            "arn": "arn:aws:ec2:us-west-1:102956032895:subnet/subnet-0e64adf0ead02cb4b",
            "assign_ipv6_address_on_creation": false,
            "availability_zone": "us-west-1c",
            "availability_zone_id": "usw1-az1",
            "cidr_block": "192.168.39.240/28",
            "customer_owned_ipv4_pool": "",
            "id": "subnet-0e64adf0ead02cb4b",
            "ipv6_cidr_block": "",
            "ipv6_cidr_block_association_id": "",
            "map_customer_owned_ip_on_launch": false,
            "map_public_ip_on_launch": false,
            "outpost_arn": "",
            "owner_id": "102956032895",
            "tags": {
              "Name": "hoge03_tx02"
            },
            "tags_all": {
              "Name": "hoge03_tx02"
            },
            "timeouts": null,
            "vpc_id": "vpc-0030b725d17af005d"
          },
          "sensitive_attributes": [],
          "private": "eyJlMmJmYjczMC1lY2FhLTExZTYtOGY4OC0zNDM2M2JjN2M0YzAiOnsiY3JlYXRlIjo2MDAwMDAwMDAwMDAsImRlbGV0ZSI6MTIwMDAwMDAwMDAwMH0sInNjaGVtYV92ZXJzaW9uIjoiMSJ9",
          "dependencies": [
            "aws_vpc.hoge"
          ]
        },
        {
          "index_key": "inspection_pri01",
          "schema_version": 1,
          "attributes": {
            "arn": "arn:aws:ec2:us-west-1:102956032895:subnet/subnet-080324a467ab860de",
            "assign_ipv6_address_on_creation": false,
            "availability_zone": "us-west-1b",
            "availability_zone_id": "usw1-az3",
            "cidr_block": "192.168.10.0/24",
            "customer_owned_ipv4_pool": "",
            "id": "subnet-080324a467ab860de",
            "ipv6_cidr_block": "",
            "ipv6_cidr_block_association_id": "",
            "map_customer_owned_ip_on_launch": false,
            "map_public_ip_on_launch": false,
            "outpost_arn": "",
            "owner_id": "102956032895",
            "tags": {
              "Name": "inspection_pri01"
            },
            "tags_all": {
              "Name": "inspection_pri01"
            },
            "timeouts": null,
            "vpc_id": "vpc-080535f9ef2e9dd94"
          },
          "sensitive_attributes": [],
          "private": "eyJlMmJmYjczMC1lY2FhLTExZTYtOGY4OC0zNDM2M2JjN2M0YzAiOnsiY3JlYXRlIjo2MDAwMDAwMDAwMDAsImRlbGV0ZSI6MTIwMDAwMDAwMDAwMH0sInNjaGVtYV92ZXJzaW9uIjoiMSJ9",
          "dependencies": [
            "aws_vpc.hoge"
          ]
        },
        {
          "index_key": "inspection_pri02",
          "schema_version": 1,
          "attributes": {
            "arn": "arn:aws:ec2:us-west-1:102956032895:subnet/subnet-0e0e484f933f16b3e",
            "assign_ipv6_address_on_creation": false,
            "availability_zone": "us-west-1c",
            "availability_zone_id": "usw1-az1",
            "cidr_block": "192.168.11.0/24",
            "customer_owned_ipv4_pool": "",
            "id": "subnet-0e0e484f933f16b3e",
            "ipv6_cidr_block": "",
            "ipv6_cidr_block_association_id": "",
            "map_customer_owned_ip_on_launch": false,
            "map_public_ip_on_launch": false,
            "outpost_arn": "",
            "owner_id": "102956032895",
            "tags": {
              "Name": "inspection_pri02"
            },
            "tags_all": {
              "Name": "inspection_pri02"
            },
            "timeouts": null,
            "vpc_id": "vpc-080535f9ef2e9dd94"
          },
          "sensitive_attributes": [],
          "private": "eyJlMmJmYjczMC1lY2FhLTExZTYtOGY4OC0zNDM2M2JjN2M0YzAiOnsiY3JlYXRlIjo2MDAwMDAwMDAwMDAsImRlbGV0ZSI6MTIwMDAwMDAwMDAwMH0sInNjaGVtYV92ZXJzaW9uIjoiMSJ9",
          "dependencies": [
            "aws_vpc.hoge"
          ]
        },
        {
          "index_key": "inspection_tx01",
          "schema_version": 1,
          "attributes": {
            "arn": "arn:aws:ec2:us-west-1:102956032895:subnet/subnet-0d4396229ceca5fd1",
            "assign_ipv6_address_on_creation": false,
            "availability_zone": "us-west-1b",
            "availability_zone_id": "usw1-az3",
            "cidr_block": "192.168.15.224/28",
            "customer_owned_ipv4_pool": "",
            "id": "subnet-0d4396229ceca5fd1",
            "ipv6_cidr_block": "",
            "ipv6_cidr_block_association_id": "",
            "map_customer_owned_ip_on_launch": false,
            "map_public_ip_on_launch": false,
            "outpost_arn": "",
            "owner_id": "102956032895",
            "tags": {
              "Name": "inspection_tx01"
            },
            "tags_all": {
              "Name": "inspection_tx01"
            },
            "timeouts": null,
            "vpc_id": "vpc-080535f9ef2e9dd94"
          },
          "sensitive_attributes": [],
          "private": "eyJlMmJmYjczMC1lY2FhLTExZTYtOGY4OC0zNDM2M2JjN2M0YzAiOnsiY3JlYXRlIjo2MDAwMDAwMDAwMDAsImRlbGV0ZSI6MTIwMDAwMDAwMDAwMH0sInNjaGVtYV92ZXJzaW9uIjoiMSJ9",
          "dependencies": [
            "aws_vpc.hoge"
          ]
        },
        {
          "index_key": "inspection_tx02",
          "schema_version": 1,
          "attributes": {
            "arn": "arn:aws:ec2:us-west-1:102956032895:subnet/subnet-02b2475ec922c466a",
            "assign_ipv6_address_on_creation": false,
            "availability_zone": "us-west-1c",
            "availability_zone_id": "usw1-az1",
            "cidr_block": "192.168.15.240/28",
            "customer_owned_ipv4_pool": "",
            "id": "subnet-02b2475ec922c466a",
            "ipv6_cidr_block": "",
            "ipv6_cidr_block_association_id": "",
            "map_customer_owned_ip_on_launch": false,
            "map_public_ip_on_launch": false,
            "outpost_arn": "",
            "owner_id": "102956032895",
            "tags": {
              "Name": "inspection_tx02"
            },
            "tags_all": {
              "Name": "inspection_tx02"
            },
            "timeouts": null,
            "vpc_id": "vpc-080535f9ef2e9dd94"
          },
          "sensitive_attributes": [],
          "private": "eyJlMmJmYjczMC1lY2FhLTExZTYtOGY4OC0zNDM2M2JjN2M0YzAiOnsiY3JlYXRlIjo2MDAwMDAwMDAwMDAsImRlbGV0ZSI6MTIwMDAwMDAwMDAwMH0sInNjaGVtYV92ZXJzaW9uIjoiMSJ9",
          "dependencies": [
            "aws_vpc.hoge"
          ]
        }
      ]
    },
    {
      "mode": "managed",
      "type": "aws_vpc",
      "name": "hoge",
      "provider": "provider[\"registry.terraform.io/hashicorp/aws\"]",
      "instances": [
        {
          "index_key": "hoge01",
          "schema_version": 1,
          "attributes": {
            "arn": "arn:aws:ec2:us-west-1:102956032895:vpc/vpc-0a4541fd11097e842",
            "assign_generated_ipv6_cidr_block": false,
            "cidr_block": "192.168.16.0/21",
            "default_network_acl_id": "acl-087368def23b1048c",
            "default_route_table_id": "rtb-0b234945d93da3af7",
            "default_security_group_id": "sg-0d56f58a6e07d4569",
            "dhcp_options_id": "dopt-20e62347",
            "enable_classiclink": false,
            "enable_classiclink_dns_support": false,
            "enable_dns_hostnames": true,
            "enable_dns_support": true,
            "id": "vpc-0a4541fd11097e842",
            "instance_tenancy": "default",
            "ipv6_association_id": "",
            "ipv6_cidr_block": "",
            "main_route_table_id": "rtb-0b234945d93da3af7",
            "owner_id": "102956032895",
            "tags": {
              "Name": "hoge01"
            },
            "tags_all": {
              "Name": "hoge01"
            }
          },
          "sensitive_attributes": [],
          "private": "eyJzY2hlbWFfdmVyc2lvbiI6IjEifQ=="
        },
        {
          "index_key": "hoge02",
          "schema_version": 1,
          "attributes": {
            "arn": "arn:aws:ec2:us-west-1:102956032895:vpc/vpc-0babf7cf6e4706f2b",
            "assign_generated_ipv6_cidr_block": false,
            "cidr_block": "192.168.24.0/21",
            "default_network_acl_id": "acl-0aa3117fdaf1a3515",
            "default_route_table_id": "rtb-0ccd3a132dd3be143",
            "default_security_group_id": "sg-02e1d8e7a6bf0ef0b",
            "dhcp_options_id": "dopt-20e62347",
            "enable_classiclink": false,
            "enable_classiclink_dns_support": false,
            "enable_dns_hostnames": true,
            "enable_dns_support": true,
            "id": "vpc-0babf7cf6e4706f2b",
            "instance_tenancy": "default",
            "ipv6_association_id": "",
            "ipv6_cidr_block": "",
            "main_route_table_id": "rtb-0ccd3a132dd3be143",
            "owner_id": "102956032895",
            "tags": {
              "Name": "hoge02"
            },
            "tags_all": {
              "Name": "hoge02"
            }
          },
          "sensitive_attributes": [],
          "private": "eyJzY2hlbWFfdmVyc2lvbiI6IjEifQ=="
        },
        {
          "index_key": "hoge03",
          "schema_version": 1,
          "attributes": {
            "arn": "arn:aws:ec2:us-west-1:102956032895:vpc/vpc-0030b725d17af005d",
            "assign_generated_ipv6_cidr_block": false,
            "cidr_block": "192.168.32.0/21",
            "default_network_acl_id": "acl-0f48f9f09433396b2",
            "default_route_table_id": "rtb-0946e592f00edc292",
            "default_security_group_id": "sg-0177c093d6ae0e06f",
            "dhcp_options_id": "dopt-20e62347",
            "enable_classiclink": false,
            "enable_classiclink_dns_support": false,
            "enable_dns_hostnames": true,
            "enable_dns_support": true,
            "id": "vpc-0030b725d17af005d",
            "instance_tenancy": "default",
            "ipv6_association_id": "",
            "ipv6_cidr_block": "",
            "main_route_table_id": "rtb-0946e592f00edc292",
            "owner_id": "102956032895",
            "tags": {
              "Name": "hoge03"
            },
            "tags_all": {
              "Name": "hoge03"
            }
          },
          "sensitive_attributes": [],
          "private": "eyJzY2hlbWFfdmVyc2lvbiI6IjEifQ=="
        },
        {
          "index_key": "inspection",
          "schema_version": 1,
          "attributes": {
            "arn": "arn:aws:ec2:us-west-1:102956032895:vpc/vpc-080535f9ef2e9dd94",
            "assign_generated_ipv6_cidr_block": false,
            "cidr_block": "192.168.8.0/21",
            "default_network_acl_id": "acl-00a9909b7ad7661ed",
            "default_route_table_id": "rtb-05760df30ccfecbf1",
            "default_security_group_id": "sg-03ee57f231204f96c",
            "dhcp_options_id": "dopt-20e62347",
            "enable_classiclink": false,
            "enable_classiclink_dns_support": false,
            "enable_dns_hostnames": true,
            "enable_dns_support": true,
            "id": "vpc-080535f9ef2e9dd94",
            "instance_tenancy": "default",
            "ipv6_association_id": "",
            "ipv6_cidr_block": "",
            "main_route_table_id": "rtb-05760df30ccfecbf1",
            "owner_id": "102956032895",
            "tags": {
              "Name": "inspection"
            },
            "tags_all": {
              "Name": "inspection"
            }
          },
          "sensitive_attributes": [],
          "private": "eyJzY2hlbWFfdmVyc2lvbiI6IjEifQ=="
        }
      ]
    }
  ]
}
